// !$*UTF8*$!
{
	archiveVersion = 1;
	classes = {
	};
	objectVersion = 52;
	objects = {

/* Begin PBXBuildFile section */
		2C5BBD96F49C7D2DDDEB723E /* Pods_photobeam.framework in Frameworks */ = {isa = PBXBuildFile; fileRef = 9A5EF9392D12E5A6354B8AB0 /* Pods_photobeam.framework */; };
		4C0F8BDB24A3698900B990DF /* AppDelegate.swift in Sources */ = {isa = PBXBuildFile; fileRef = 4C0F8BDA24A3698900B990DF /* AppDelegate.swift */; };
		4C0F8BDD24A3698900B990DF /* SceneDelegate.swift in Sources */ = {isa = PBXBuildFile; fileRef = 4C0F8BDC24A3698900B990DF /* SceneDelegate.swift */; };
		4C0F8BDF24A3698900B990DF /* ContentView.swift in Sources */ = {isa = PBXBuildFile; fileRef = 4C0F8BDE24A3698900B990DF /* ContentView.swift */; };
		4C0F8BE124A3698A00B990DF /* Assets.xcassets in Resources */ = {isa = PBXBuildFile; fileRef = 4C0F8BE024A3698A00B990DF /* Assets.xcassets */; };
		4C0F8BE424A3698A00B990DF /* Preview Assets.xcassets in Resources */ = {isa = PBXBuildFile; fileRef = 4C0F8BE324A3698A00B990DF /* Preview Assets.xcassets */; };
		4C0F8BE724A3698A00B990DF /* LaunchScreen.storyboard in Resources */ = {isa = PBXBuildFile; fileRef = 4C0F8BE524A3698A00B990DF /* LaunchScreen.storyboard */; };
		4C0F8BF224A3698A00B990DF /* photobeamTests.swift in Sources */ = {isa = PBXBuildFile; fileRef = 4C0F8BF124A3698A00B990DF /* photobeamTests.swift */; };
		4C0F8BFD24A3698A00B990DF /* photobeamUITests.swift in Sources */ = {isa = PBXBuildFile; fileRef = 4C0F8BFC24A3698A00B990DF /* photobeamUITests.swift */; };
		4C0F8C1124A369A500B990DF /* WidgetKit.framework in Frameworks */ = {isa = PBXBuildFile; fileRef = 4C0F8C1024A369A500B990DF /* WidgetKit.framework */; };
		4C0F8C1324A369A500B990DF /* SwiftUI.framework in Frameworks */ = {isa = PBXBuildFile; fileRef = 4C0F8C1224A369A500B990DF /* SwiftUI.framework */; };
		4C0F8C1624A369A500B990DF /* BeamWidget.swift in Sources */ = {isa = PBXBuildFile; fileRef = 4C0F8C1524A369A500B990DF /* BeamWidget.swift */; };
		4C0F8C1824A369A600B990DF /* Assets.xcassets in Resources */ = {isa = PBXBuildFile; fileRef = 4C0F8C1724A369A600B990DF /* Assets.xcassets */; };
		4C0F8C1C24A369A600B990DF /* BeamWidgetExtension.appex in Embed App Extensions */ = {isa = PBXBuildFile; fileRef = 4C0F8C0E24A369A500B990DF /* BeamWidgetExtension.appex */; settings = {ATTRIBUTES = (RemoveHeadersOnCopy, ); }; };
		4C0F8C2224A369CE00B990DF /* ImageLoader.swift in Sources */ = {isa = PBXBuildFile; fileRef = 4C0F8C2124A369CE00B990DF /* ImageLoader.swift */; };
		4C464619250D0F0F0029CEC1 /* LottieView.swift in Sources */ = {isa = PBXBuildFile; fileRef = 4C464618250D0E8E0029CEC1 /* LottieView.swift */; };
		4C46461C250D16D60029CEC1 /* connecting.json in Resources */ = {isa = PBXBuildFile; fileRef = 4C46461B250D16D60029CEC1 /* connecting.json */; };
		4C7C759F250823A7001EE8CB /* WidgetStyles.swift in Sources */ = {isa = PBXBuildFile; fileRef = 4C7C759E250823A7001EE8CB /* WidgetStyles.swift */; };
		4C7C75A12508EB2F001EE8CB /* NavigationStack.swift in Sources */ = {isa = PBXBuildFile; fileRef = 4C7C75A02508EB2F001EE8CB /* NavigationStack.swift */; };
		4C7C75A32508F611001EE8CB /* BackgroundSimple.swift in Sources */ = {isa = PBXBuildFile; fileRef = 4C7C75A22508F611001EE8CB /* BackgroundSimple.swift */; };
		4C7C75A5250906A3001EE8CB /* ConnectScreen.swift in Sources */ = {isa = PBXBuildFile; fileRef = 4C7C75A4250906A3001EE8CB /* ConnectScreen.swift */; };
		4C7C75A725091124001EE8CB /* WaitForAcceptScreen.swift in Sources */ = {isa = PBXBuildFile; fileRef = 4C7C75A625091124001EE8CB /* WaitForAcceptScreen.swift */; };
		4C7C75A925092032001EE8CB /* ConfirmRequestScreen.swift in Sources */ = {isa = PBXBuildFile; fileRef = 4C7C75A825092032001EE8CB /* ConfirmRequestScreen.swift */; };
		4C814410250BCF72009B165D /* YPImagePicker in Frameworks */ = {isa = PBXBuildFile; productRef = 4C81440F250BCF72009B165D /* YPImagePicker */; };
		4C814413250D0AFA009B165D /* Lottie in Frameworks */ = {isa = PBXBuildFile; productRef = 4C814412250D0AFA009B165D /* Lottie */; };
		4CB4160D24DAF5760037AD0D /* NotConnectedScreen.swift in Sources */ = {isa = PBXBuildFile; fileRef = 4CB4160C24DAF5760037AD0D /* NotConnectedScreen.swift */; };
		4CB4160F24DAF5960037AD0D /* ConnectedScreen.swift in Sources */ = {isa = PBXBuildFile; fileRef = 4CB4160E24DAF5960037AD0D /* ConnectedScreen.swift */; };
		4CB4161124DAFCEB0037AD0D /* DataStore.swift in Sources */ = {isa = PBXBuildFile; fileRef = 4CB4161024DAFCEB0037AD0D /* DataStore.swift */; };
		4CB4161624DAFF490037AD0D /* API.swift in Sources */ = {isa = PBXBuildFile; fileRef = 4CB4161524DAFF490037AD0D /* API.swift */; };
		4CB4161924DB017A0037AD0D /* Moya in Frameworks */ = {isa = PBXBuildFile; productRef = 4CB4161824DB017A0037AD0D /* Moya */; };
		4CF37A9625079F4B00FB8FFF /* StandardImagePicker.swift in Sources */ = {isa = PBXBuildFile; fileRef = 4CF37A9525079F4B00FB8FFF /* StandardImagePicker.swift */; };
		4CF37A982507BACF00FB8FFF /* YPImagePicker.swift in Sources */ = {isa = PBXBuildFile; fileRef = 4CF37A972507BACF00FB8FFF /* YPImagePicker.swift */; };
/* End PBXBuildFile section */

/* Begin PBXContainerItemProxy section */
		4C0F8BEE24A3698A00B990DF /* PBXContainerItemProxy */ = {
			isa = PBXContainerItemProxy;
			containerPortal = 4C0F8BCF24A3698900B990DF /* Project object */;
			proxyType = 1;
			remoteGlobalIDString = 4C0F8BD624A3698900B990DF;
			remoteInfo = photobeam;
		};
		4C0F8BF924A3698A00B990DF /* PBXContainerItemProxy */ = {
			isa = PBXContainerItemProxy;
			containerPortal = 4C0F8BCF24A3698900B990DF /* Project object */;
			proxyType = 1;
			remoteGlobalIDString = 4C0F8BD624A3698900B990DF;
			remoteInfo = photobeam;
		};
		4C0F8C1A24A369A600B990DF /* PBXContainerItemProxy */ = {
			isa = PBXContainerItemProxy;
			containerPortal = 4C0F8BCF24A3698900B990DF /* Project object */;
			proxyType = 1;
			remoteGlobalIDString = 4C0F8C0D24A369A500B990DF;
			remoteInfo = BeamWidgetExtension;
		};
/* End PBXContainerItemProxy section */

/* Begin PBXCopyFilesBuildPhase section */
		4C0F8C2024A369A600B990DF /* Embed App Extensions */ = {
			isa = PBXCopyFilesBuildPhase;
			buildActionMask = 2147483647;
			dstPath = "";
			dstSubfolderSpec = 13;
			files = (
				4C0F8C1C24A369A600B990DF /* BeamWidgetExtension.appex in Embed App Extensions */,
			);
			name = "Embed App Extensions";
			runOnlyForDeploymentPostprocessing = 0;
		};
/* End PBXCopyFilesBuildPhase section */

/* Begin PBXFileReference section */
		4C0F8BD724A3698900B990DF /* photobeam.app */ = {isa = PBXFileReference; explicitFileType = wrapper.application; includeInIndex = 0; path = photobeam.app; sourceTree = BUILT_PRODUCTS_DIR; };
		4C0F8BDA24A3698900B990DF /* AppDelegate.swift */ = {isa = PBXFileReference; lastKnownFileType = sourcecode.swift; path = AppDelegate.swift; sourceTree = "<group>"; };
		4C0F8BDC24A3698900B990DF /* SceneDelegate.swift */ = {isa = PBXFileReference; lastKnownFileType = sourcecode.swift; path = SceneDelegate.swift; sourceTree = "<group>"; };
		4C0F8BDE24A3698900B990DF /* ContentView.swift */ = {isa = PBXFileReference; lastKnownFileType = sourcecode.swift; path = ContentView.swift; sourceTree = "<group>"; };
		4C0F8BE024A3698A00B990DF /* Assets.xcassets */ = {isa = PBXFileReference; lastKnownFileType = folder.assetcatalog; path = Assets.xcassets; sourceTree = "<group>"; };
		4C0F8BE324A3698A00B990DF /* Preview Assets.xcassets */ = {isa = PBXFileReference; lastKnownFileType = folder.assetcatalog; path = "Preview Assets.xcassets"; sourceTree = "<group>"; };
		4C0F8BE624A3698A00B990DF /* Base */ = {isa = PBXFileReference; lastKnownFileType = file.storyboard; name = Base; path = Base.lproj/LaunchScreen.storyboard; sourceTree = "<group>"; };
		4C0F8BE824A3698A00B990DF /* Info.plist */ = {isa = PBXFileReference; lastKnownFileType = text.plist.xml; path = Info.plist; sourceTree = "<group>"; };
		4C0F8BED24A3698A00B990DF /* photobeamTests.xctest */ = {isa = PBXFileReference; explicitFileType = wrapper.cfbundle; includeInIndex = 0; path = photobeamTests.xctest; sourceTree = BUILT_PRODUCTS_DIR; };
		4C0F8BF124A3698A00B990DF /* photobeamTests.swift */ = {isa = PBXFileReference; lastKnownFileType = sourcecode.swift; path = photobeamTests.swift; sourceTree = "<group>"; };
		4C0F8BF324A3698A00B990DF /* Info.plist */ = {isa = PBXFileReference; lastKnownFileType = text.plist.xml; path = Info.plist; sourceTree = "<group>"; };
		4C0F8BF824A3698A00B990DF /* photobeamUITests.xctest */ = {isa = PBXFileReference; explicitFileType = wrapper.cfbundle; includeInIndex = 0; path = photobeamUITests.xctest; sourceTree = BUILT_PRODUCTS_DIR; };
		4C0F8BFC24A3698A00B990DF /* photobeamUITests.swift */ = {isa = PBXFileReference; lastKnownFileType = sourcecode.swift; path = photobeamUITests.swift; sourceTree = "<group>"; };
		4C0F8BFE24A3698A00B990DF /* Info.plist */ = {isa = PBXFileReference; lastKnownFileType = text.plist.xml; path = Info.plist; sourceTree = "<group>"; };
		4C0F8C0E24A369A500B990DF /* BeamWidgetExtension.appex */ = {isa = PBXFileReference; explicitFileType = "wrapper.app-extension"; includeInIndex = 0; path = BeamWidgetExtension.appex; sourceTree = BUILT_PRODUCTS_DIR; };
		4C0F8C1024A369A500B990DF /* WidgetKit.framework */ = {isa = PBXFileReference; lastKnownFileType = wrapper.framework; name = WidgetKit.framework; path = System/Library/Frameworks/WidgetKit.framework; sourceTree = SDKROOT; };
		4C0F8C1224A369A500B990DF /* SwiftUI.framework */ = {isa = PBXFileReference; lastKnownFileType = wrapper.framework; name = SwiftUI.framework; path = System/Library/Frameworks/SwiftUI.framework; sourceTree = SDKROOT; };
		4C0F8C1524A369A500B990DF /* BeamWidget.swift */ = {isa = PBXFileReference; lastKnownFileType = sourcecode.swift; path = BeamWidget.swift; sourceTree = "<group>"; };
		4C0F8C1724A369A600B990DF /* Assets.xcassets */ = {isa = PBXFileReference; lastKnownFileType = folder.assetcatalog; path = Assets.xcassets; sourceTree = "<group>"; };
		4C0F8C1924A369A600B990DF /* Info.plist */ = {isa = PBXFileReference; lastKnownFileType = text.plist.xml; path = Info.plist; sourceTree = "<group>"; };
		4C0F8C2124A369CE00B990DF /* ImageLoader.swift */ = {isa = PBXFileReference; lastKnownFileType = sourcecode.swift; path = ImageLoader.swift; sourceTree = "<group>"; };
		4C0F8C2324A3743300B990DF /* photobeam.entitlements */ = {isa = PBXFileReference; lastKnownFileType = text.plist.entitlements; path = photobeam.entitlements; sourceTree = "<group>"; };
		4C464618250D0E8E0029CEC1 /* LottieView.swift */ = {isa = PBXFileReference; lastKnownFileType = sourcecode.swift; path = LottieView.swift; sourceTree = "<group>"; };
		4C46461B250D16D60029CEC1 /* connecting.json */ = {isa = PBXFileReference; fileEncoding = 4; lastKnownFileType = text.json; name = connecting.json; path = ../../../../../Downloads/connecting.json; sourceTree = "<group>"; };
		4C7C759E250823A7001EE8CB /* WidgetStyles.swift */ = {isa = PBXFileReference; lastKnownFileType = sourcecode.swift; path = WidgetStyles.swift; sourceTree = "<group>"; };
		4C7C75A02508EB2F001EE8CB /* NavigationStack.swift */ = {isa = PBXFileReference; lastKnownFileType = sourcecode.swift; path = NavigationStack.swift; sourceTree = "<group>"; };
		4C7C75A22508F611001EE8CB /* BackgroundSimple.swift */ = {isa = PBXFileReference; lastKnownFileType = sourcecode.swift; path = BackgroundSimple.swift; sourceTree = "<group>"; };
		4C7C75A4250906A3001EE8CB /* ConnectScreen.swift */ = {isa = PBXFileReference; lastKnownFileType = sourcecode.swift; path = ConnectScreen.swift; sourceTree = "<group>"; };
		4C7C75A625091124001EE8CB /* WaitForAcceptScreen.swift */ = {isa = PBXFileReference; lastKnownFileType = sourcecode.swift; path = WaitForAcceptScreen.swift; sourceTree = "<group>"; };
		4C7C75A825092032001EE8CB /* ConfirmRequestScreen.swift */ = {isa = PBXFileReference; lastKnownFileType = sourcecode.swift; path = ConfirmRequestScreen.swift; sourceTree = "<group>"; };
		4C81440D250AD66C009B165D /* BeamWidgetExtension.entitlements */ = {isa = PBXFileReference; lastKnownFileType = text.plist.entitlements; path = BeamWidgetExtension.entitlements; sourceTree = "<group>"; };
		4CB4160C24DAF5760037AD0D /* NotConnectedScreen.swift */ = {isa = PBXFileReference; lastKnownFileType = sourcecode.swift; path = NotConnectedScreen.swift; sourceTree = "<group>"; };
		4CB4160E24DAF5960037AD0D /* ConnectedScreen.swift */ = {isa = PBXFileReference; lastKnownFileType = sourcecode.swift; path = ConnectedScreen.swift; sourceTree = "<group>"; };
		4CB4161024DAFCEB0037AD0D /* DataStore.swift */ = {isa = PBXFileReference; lastKnownFileType = sourcecode.swift; path = DataStore.swift; sourceTree = "<group>"; };
		4CB4161524DAFF490037AD0D /* API.swift */ = {isa = PBXFileReference; lastKnownFileType = sourcecode.swift; path = API.swift; sourceTree = "<group>"; };
		4CF37A9525079F4B00FB8FFF /* StandardImagePicker.swift */ = {isa = PBXFileReference; lastKnownFileType = sourcecode.swift; path = StandardImagePicker.swift; sourceTree = "<group>"; };
		4CF37A972507BACF00FB8FFF /* YPImagePicker.swift */ = {isa = PBXFileReference; lastKnownFileType = sourcecode.swift; path = YPImagePicker.swift; sourceTree = "<group>"; };
		77CBB19153879AD5B69F861A /* Pods-photobeam.release.xcconfig */ = {isa = PBXFileReference; includeInIndex = 1; lastKnownFileType = text.xcconfig; name = "Pods-photobeam.release.xcconfig"; path = "Target Support Files/Pods-photobeam/Pods-photobeam.release.xcconfig"; sourceTree = "<group>"; };
		9A5EF9392D12E5A6354B8AB0 /* Pods_photobeam.framework */ = {isa = PBXFileReference; explicitFileType = wrapper.framework; includeInIndex = 0; path = Pods_photobeam.framework; sourceTree = BUILT_PRODUCTS_DIR; };
		DB57CC093F13798C718BF5B2 /* Pods-photobeam.debug.xcconfig */ = {isa = PBXFileReference; includeInIndex = 1; lastKnownFileType = text.xcconfig; name = "Pods-photobeam.debug.xcconfig"; path = "Target Support Files/Pods-photobeam/Pods-photobeam.debug.xcconfig"; sourceTree = "<group>"; };
/* End PBXFileReference section */

/* Begin PBXFrameworksBuildPhase section */
		4C0F8BD424A3698900B990DF /* Frameworks */ = {
			isa = PBXFrameworksBuildPhase;
			buildActionMask = 2147483647;
			files = (
				4CB4161924DB017A0037AD0D /* Moya in Frameworks */,
				4C814410250BCF72009B165D /* YPImagePicker in Frameworks */,
				2C5BBD96F49C7D2DDDEB723E /* Pods_photobeam.framework in Frameworks */,
				4C814413250D0AFA009B165D /* Lottie in Frameworks */,
			);
			runOnlyForDeploymentPostprocessing = 0;
		};
		4C0F8BEA24A3698A00B990DF /* Frameworks */ = {
			isa = PBXFrameworksBuildPhase;
			buildActionMask = 2147483647;
			files = (
			);
			runOnlyForDeploymentPostprocessing = 0;
		};
		4C0F8BF524A3698A00B990DF /* Frameworks */ = {
			isa = PBXFrameworksBuildPhase;
			buildActionMask = 2147483647;
			files = (
			);
			runOnlyForDeploymentPostprocessing = 0;
		};
		4C0F8C0B24A369A500B990DF /* Frameworks */ = {
			isa = PBXFrameworksBuildPhase;
			buildActionMask = 2147483647;
			files = (
				4C0F8C1324A369A500B990DF /* SwiftUI.framework in Frameworks */,
				4C0F8C1124A369A500B990DF /* WidgetKit.framework in Frameworks */,
			);
			runOnlyForDeploymentPostprocessing = 0;
		};
/* End PBXFrameworksBuildPhase section */

/* Begin PBXGroup section */
		4C0F8BCE24A3698900B990DF = {
			isa = PBXGroup;
			children = (
				4C81440D250AD66C009B165D /* BeamWidgetExtension.entitlements */,
				4C0F8BD924A3698900B990DF /* photobeam */,
				4C0F8BF024A3698A00B990DF /* photobeamTests */,
				4C0F8BFB24A3698A00B990DF /* photobeamUITests */,
				4C0F8C1424A369A500B990DF /* BeamWidget */,
				4C0F8C0F24A369A500B990DF /* Frameworks */,
				4C0F8BD824A3698900B990DF /* Products */,
				58E311DC10F72CCBD9648458 /* Pods */,
			);
			sourceTree = "<group>";
		};
		4C0F8BD824A3698900B990DF /* Products */ = {
			isa = PBXGroup;
			children = (
				4C0F8BD724A3698900B990DF /* photobeam.app */,
				4C0F8BED24A3698A00B990DF /* photobeamTests.xctest */,
				4C0F8BF824A3698A00B990DF /* photobeamUITests.xctest */,
				4C0F8C0E24A369A500B990DF /* BeamWidgetExtension.appex */,
			);
			name = Products;
			sourceTree = "<group>";
		};
		4C0F8BD924A3698900B990DF /* photobeam */ = {
			isa = PBXGroup;
			children = (
				4C46461A250D16B20029CEC1 /* Assets */,
				4CB4161524DAFF490037AD0D /* API.swift */,
				4C0F8C2324A3743300B990DF /* photobeam.entitlements */,
				4C0F8BDA24A3698900B990DF /* AppDelegate.swift */,
				4C0F8BDC24A3698900B990DF /* SceneDelegate.swift */,
				4C0F8BDE24A3698900B990DF /* ContentView.swift */,
				4C0F8BE524A3698A00B990DF /* LaunchScreen.storyboard */,
				4C0F8BE824A3698A00B990DF /* Info.plist */,
				4C0F8BE224A3698A00B990DF /* Preview Content */,
				4C0F8C2124A369CE00B990DF /* ImageLoader.swift */,
				4CB4160C24DAF5760037AD0D /* NotConnectedScreen.swift */,
				4CB4160E24DAF5960037AD0D /* ConnectedScreen.swift */,
				4C464618250D0E8E0029CEC1 /* LottieView.swift */,
				4CB4161024DAFCEB0037AD0D /* DataStore.swift */,
				4CF37A9525079F4B00FB8FFF /* StandardImagePicker.swift */,
				4CF37A972507BACF00FB8FFF /* YPImagePicker.swift */,
				4C7C759E250823A7001EE8CB /* WidgetStyles.swift */,
				4C7C75A02508EB2F001EE8CB /* NavigationStack.swift */,
				4C7C75A22508F611001EE8CB /* BackgroundSimple.swift */,
				4C7C75A4250906A3001EE8CB /* ConnectScreen.swift */,
				4C7C75A625091124001EE8CB /* WaitForAcceptScreen.swift */,
				4C7C75A825092032001EE8CB /* ConfirmRequestScreen.swift */,
			);
			path = photobeam;
			sourceTree = "<group>";
		};
		4C0F8BE224A3698A00B990DF /* Preview Content */ = {
			isa = PBXGroup;
			children = (
				4C0F8BE324A3698A00B990DF /* Preview Assets.xcassets */,
			);
			path = "Preview Content";
			sourceTree = "<group>";
		};
		4C0F8BF024A3698A00B990DF /* photobeamTests */ = {
			isa = PBXGroup;
			children = (
				4C0F8BF124A3698A00B990DF /* photobeamTests.swift */,
				4C0F8BF324A3698A00B990DF /* Info.plist */,
			);
			path = photobeamTests;
			sourceTree = "<group>";
		};
		4C0F8BFB24A3698A00B990DF /* photobeamUITests */ = {
			isa = PBXGroup;
			children = (
				4C0F8BFC24A3698A00B990DF /* photobeamUITests.swift */,
				4C0F8BFE24A3698A00B990DF /* Info.plist */,
			);
			path = photobeamUITests;
			sourceTree = "<group>";
		};
		4C0F8C0F24A369A500B990DF /* Frameworks */ = {
			isa = PBXGroup;
			children = (
				4C0F8C1024A369A500B990DF /* WidgetKit.framework */,
				4C0F8C1224A369A500B990DF /* SwiftUI.framework */,
				9A5EF9392D12E5A6354B8AB0 /* Pods_photobeam.framework */,
			);
			name = Frameworks;
			sourceTree = "<group>";
		};
		4C0F8C1424A369A500B990DF /* BeamWidget */ = {
			isa = PBXGroup;
			children = (
				4C0F8C1524A369A500B990DF /* BeamWidget.swift */,
				4C0F8C1724A369A600B990DF /* Assets.xcassets */,
				4C0F8C1924A369A600B990DF /* Info.plist */,
			);
			path = BeamWidget;
			sourceTree = "<group>";
		};
		4C46461A250D16B20029CEC1 /* Assets */ = {
			isa = PBXGroup;
			children = (
				4C46461B250D16D60029CEC1 /* connecting.json */,
				4C0F8BE024A3698A00B990DF /* Assets.xcassets */,
			);
			path = Assets;
			sourceTree = "<group>";
		};
		58E311DC10F72CCBD9648458 /* Pods */ = {
			isa = PBXGroup;
			children = (
				DB57CC093F13798C718BF5B2 /* Pods-photobeam.debug.xcconfig */,
				77CBB19153879AD5B69F861A /* Pods-photobeam.release.xcconfig */,
			);
			path = Pods;
			sourceTree = "<group>";
		};
/* End PBXGroup section */

/* Begin PBXNativeTarget section */
		4C0F8BD624A3698900B990DF /* photobeam */ = {
			isa = PBXNativeTarget;
			buildConfigurationList = 4C0F8C0124A3698A00B990DF /* Build configuration list for PBXNativeTarget "photobeam" */;
			buildPhases = (
				51BBA37C77C7C06C8ECBD667 /* [CP] Check Pods Manifest.lock */,
				4C0F8BD324A3698900B990DF /* Sources */,
				4C0F8BD424A3698900B990DF /* Frameworks */,
				4C0F8BD524A3698900B990DF /* Resources */,
				4C0F8C2024A369A600B990DF /* Embed App Extensions */,
				7582ED427DE7C79EDAE22811 /* [CP] Embed Pods Frameworks */,
			);
			buildRules = (
			);
			dependencies = (
				4C0F8C1B24A369A600B990DF /* PBXTargetDependency */,
			);
			name = photobeam;
			packageProductDependencies = (
				4CB4161824DB017A0037AD0D /* Moya */,
				4C81440F250BCF72009B165D /* YPImagePicker */,
				4C814412250D0AFA009B165D /* Lottie */,
			);
			productName = photobeam;
			productReference = 4C0F8BD724A3698900B990DF /* photobeam.app */;
			productType = "com.apple.product-type.application";
		};
		4C0F8BEC24A3698A00B990DF /* photobeamTests */ = {
			isa = PBXNativeTarget;
			buildConfigurationList = 4C0F8C0424A3698A00B990DF /* Build configuration list for PBXNativeTarget "photobeamTests" */;
			buildPhases = (
				4C0F8BE924A3698A00B990DF /* Sources */,
				4C0F8BEA24A3698A00B990DF /* Frameworks */,
				4C0F8BEB24A3698A00B990DF /* Resources */,
			);
			buildRules = (
			);
			dependencies = (
				4C0F8BEF24A3698A00B990DF /* PBXTargetDependency */,
			);
			name = photobeamTests;
			productName = photobeamTests;
			productReference = 4C0F8BED24A3698A00B990DF /* photobeamTests.xctest */;
			productType = "com.apple.product-type.bundle.unit-test";
		};
		4C0F8BF724A3698A00B990DF /* photobeamUITests */ = {
			isa = PBXNativeTarget;
			buildConfigurationList = 4C0F8C0724A3698A00B990DF /* Build configuration list for PBXNativeTarget "photobeamUITests" */;
			buildPhases = (
				4C0F8BF424A3698A00B990DF /* Sources */,
				4C0F8BF524A3698A00B990DF /* Frameworks */,
				4C0F8BF624A3698A00B990DF /* Resources */,
			);
			buildRules = (
			);
			dependencies = (
				4C0F8BFA24A3698A00B990DF /* PBXTargetDependency */,
			);
			name = photobeamUITests;
			productName = photobeamUITests;
			productReference = 4C0F8BF824A3698A00B990DF /* photobeamUITests.xctest */;
			productType = "com.apple.product-type.bundle.ui-testing";
		};
		4C0F8C0D24A369A500B990DF /* BeamWidgetExtension */ = {
			isa = PBXNativeTarget;
			buildConfigurationList = 4C0F8C1D24A369A600B990DF /* Build configuration list for PBXNativeTarget "BeamWidgetExtension" */;
			buildPhases = (
				4C0F8C0A24A369A500B990DF /* Sources */,
				4C0F8C0B24A369A500B990DF /* Frameworks */,
				4C0F8C0C24A369A500B990DF /* Resources */,
			);
			buildRules = (
			);
			dependencies = (
			);
			name = BeamWidgetExtension;
			productName = BeamWidgetExtension;
			productReference = 4C0F8C0E24A369A500B990DF /* BeamWidgetExtension.appex */;
			productType = "com.apple.product-type.app-extension";
		};
/* End PBXNativeTarget section */

/* Begin PBXProject section */
		4C0F8BCF24A3698900B990DF /* Project object */ = {
			isa = PBXProject;
			attributes = {
				LastSwiftUpdateCheck = 1200;
				LastUpgradeCheck = 1200;
				TargetAttributes = {
					4C0F8BD624A3698900B990DF = {
						CreatedOnToolsVersion = 12.0;
					};
					4C0F8BEC24A3698A00B990DF = {
						CreatedOnToolsVersion = 12.0;
						TestTargetID = 4C0F8BD624A3698900B990DF;
					};
					4C0F8BF724A3698A00B990DF = {
						CreatedOnToolsVersion = 12.0;
						TestTargetID = 4C0F8BD624A3698900B990DF;
					};
					4C0F8C0D24A369A500B990DF = {
						CreatedOnToolsVersion = 12.0;
					};
				};
			};
			buildConfigurationList = 4C0F8BD224A3698900B990DF /* Build configuration list for PBXProject "photobeam" */;
			compatibilityVersion = "Xcode 9.3";
			developmentRegion = en;
			hasScannedForEncodings = 0;
			knownRegions = (
				en,
				Base,
			);
			mainGroup = 4C0F8BCE24A3698900B990DF;
			packageReferences = (
				4CB4161724DB017A0037AD0D /* XCRemoteSwiftPackageReference "Moya" */,
				4C81440E250BCF72009B165D /* XCRemoteSwiftPackageReference "YPImagePicker" */,
				4C814411250D0AFA009B165D /* XCRemoteSwiftPackageReference "lottie-ios" */,
			);
			productRefGroup = 4C0F8BD824A3698900B990DF /* Products */;
			projectDirPath = "";
			projectRoot = "";
			targets = (
				4C0F8BD624A3698900B990DF /* photobeam */,
				4C0F8BEC24A3698A00B990DF /* photobeamTests */,
				4C0F8BF724A3698A00B990DF /* photobeamUITests */,
				4C0F8C0D24A369A500B990DF /* BeamWidgetExtension */,
			);
		};
/* End PBXProject section */

/* Begin PBXResourcesBuildPhase section */
		4C0F8BD524A3698900B990DF /* Resources */ = {
			isa = PBXResourcesBuildPhase;
			buildActionMask = 2147483647;
			files = (
				4C0F8BE724A3698A00B990DF /* LaunchScreen.storyboard in Resources */,
				4C0F8BE424A3698A00B990DF /* Preview Assets.xcassets in Resources */,
				4C0F8BE124A3698A00B990DF /* Assets.xcassets in Resources */,
				4C46461C250D16D60029CEC1 /* connecting.json in Resources */,
			);
			runOnlyForDeploymentPostprocessing = 0;
		};
		4C0F8BEB24A3698A00B990DF /* Resources */ = {
			isa = PBXResourcesBuildPhase;
			buildActionMask = 2147483647;
			files = (
			);
			runOnlyForDeploymentPostprocessing = 0;
		};
		4C0F8BF624A3698A00B990DF /* Resources */ = {
			isa = PBXResourcesBuildPhase;
			buildActionMask = 2147483647;
			files = (
			);
			runOnlyForDeploymentPostprocessing = 0;
		};
		4C0F8C0C24A369A500B990DF /* Resources */ = {
			isa = PBXResourcesBuildPhase;
			buildActionMask = 2147483647;
			files = (
				4C0F8C1824A369A600B990DF /* Assets.xcassets in Resources */,
			);
			runOnlyForDeploymentPostprocessing = 0;
		};
/* End PBXResourcesBuildPhase section */

/* Begin PBXShellScriptBuildPhase section */
		51BBA37C77C7C06C8ECBD667 /* [CP] Check Pods Manifest.lock */ = {
			isa = PBXShellScriptBuildPhase;
			buildActionMask = 2147483647;
			files = (
			);
			inputFileListPaths = (
			);
			inputPaths = (
				"${PODS_PODFILE_DIR_PATH}/Podfile.lock",
				"${PODS_ROOT}/Manifest.lock",
			);
			name = "[CP] Check Pods Manifest.lock";
			outputFileListPaths = (
			);
			outputPaths = (
				"$(DERIVED_FILE_DIR)/Pods-photobeam-checkManifestLockResult.txt",
			);
			runOnlyForDeploymentPostprocessing = 0;
			shellPath = /bin/sh;
			shellScript = "diff \"${PODS_PODFILE_DIR_PATH}/Podfile.lock\" \"${PODS_ROOT}/Manifest.lock\" > /dev/null\nif [ $? != 0 ] ; then\n    # print error to STDERR\n    echo \"error: The sandbox is not in sync with the Podfile.lock. Run 'pod install' or update your CocoaPods installation.\" >&2\n    exit 1\nfi\n# This output is used by Xcode 'outputs' to avoid re-running this script phase.\necho \"SUCCESS\" > \"${SCRIPT_OUTPUT_FILE_0}\"\n";
			showEnvVarsInLog = 0;
		};
		7582ED427DE7C79EDAE22811 /* [CP] Embed Pods Frameworks */ = {
			isa = PBXShellScriptBuildPhase;
			buildActionMask = 2147483647;
			files = (
			);
			inputFileListPaths = (
				"${PODS_ROOT}/Target Support Files/Pods-photobeam/Pods-photobeam-frameworks-${CONFIGURATION}-input-files.xcfilelist",
			);
			name = "[CP] Embed Pods Frameworks";
			outputFileListPaths = (
				"${PODS_ROOT}/Target Support Files/Pods-photobeam/Pods-photobeam-frameworks-${CONFIGURATION}-output-files.xcfilelist",
			);
			runOnlyForDeploymentPostprocessing = 0;
			shellPath = /bin/sh;
			shellScript = "\"${PODS_ROOT}/Target Support Files/Pods-photobeam/Pods-photobeam-frameworks.sh\"\n";
			showEnvVarsInLog = 0;
		};
/* End PBXShellScriptBuildPhase section */

/* Begin PBXSourcesBuildPhase section */
		4C0F8BD324A3698900B990DF /* Sources */ = {
			isa = PBXSourcesBuildPhase;
			buildActionMask = 2147483647;
			files = (
				4C7C75A5250906A3001EE8CB /* ConnectScreen.swift in Sources */,
				4C464619250D0F0F0029CEC1 /* LottieView.swift in Sources */,
				4CB4161124DAFCEB0037AD0D /* DataStore.swift in Sources */,
				4CB4160D24DAF5760037AD0D /* NotConnectedScreen.swift in Sources */,
				4C7C75A725091124001EE8CB /* WaitForAcceptScreen.swift in Sources */,
				4CF37A9625079F4B00FB8FFF /* StandardImagePicker.swift in Sources */,
				4C0F8BDB24A3698900B990DF /* AppDelegate.swift in Sources */,
				4CF37A982507BACF00FB8FFF /* YPImagePicker.swift in Sources */,
				4CB4160F24DAF5960037AD0D /* ConnectedScreen.swift in Sources */,
				4C7C759F250823A7001EE8CB /* WidgetStyles.swift in Sources */,
				4C0F8BDD24A3698900B990DF /* SceneDelegate.swift in Sources */,
				4C7C75A32508F611001EE8CB /* BackgroundSimple.swift in Sources */,
				4C0F8C2224A369CE00B990DF /* ImageLoader.swift in Sources */,
				4C7C75A925092032001EE8CB /* ConfirmRequestScreen.swift in Sources */,
				4CB4161624DAFF490037AD0D /* API.swift in Sources */,
				4C7C75A12508EB2F001EE8CB /* NavigationStack.swift in Sources */,
				4C0F8BDF24A3698900B990DF /* ContentView.swift in Sources */,
			);
			runOnlyForDeploymentPostprocessing = 0;
		};
		4C0F8BE924A3698A00B990DF /* Sources */ = {
			isa = PBXSourcesBuildPhase;
			buildActionMask = 2147483647;
			files = (
				4C0F8BF224A3698A00B990DF /* photobeamTests.swift in Sources */,
			);
			runOnlyForDeploymentPostprocessing = 0;
		};
		4C0F8BF424A3698A00B990DF /* Sources */ = {
			isa = PBXSourcesBuildPhase;
			buildActionMask = 2147483647;
			files = (
				4C0F8BFD24A3698A00B990DF /* photobeamUITests.swift in Sources */,
			);
			runOnlyForDeploymentPostprocessing = 0;
		};
		4C0F8C0A24A369A500B990DF /* Sources */ = {
			isa = PBXSourcesBuildPhase;
			buildActionMask = 2147483647;
			files = (
				4C0F8C1624A369A500B990DF /* BeamWidget.swift in Sources */,
			);
			runOnlyForDeploymentPostprocessing = 0;
		};
/* End PBXSourcesBuildPhase section */

/* Begin PBXTargetDependency section */
		4C0F8BEF24A3698A00B990DF /* PBXTargetDependency */ = {
			isa = PBXTargetDependency;
			target = 4C0F8BD624A3698900B990DF /* photobeam */;
			targetProxy = 4C0F8BEE24A3698A00B990DF /* PBXContainerItemProxy */;
		};
		4C0F8BFA24A3698A00B990DF /* PBXTargetDependency */ = {
			isa = PBXTargetDependency;
			target = 4C0F8BD624A3698900B990DF /* photobeam */;
			targetProxy = 4C0F8BF924A3698A00B990DF /* PBXContainerItemProxy */;
		};
		4C0F8C1B24A369A600B990DF /* PBXTargetDependency */ = {
			isa = PBXTargetDependency;
			target = 4C0F8C0D24A369A500B990DF /* BeamWidgetExtension */;
			targetProxy = 4C0F8C1A24A369A600B990DF /* PBXContainerItemProxy */;
		};
/* End PBXTargetDependency section */

/* Begin PBXVariantGroup section */
		4C0F8BE524A3698A00B990DF /* LaunchScreen.storyboard */ = {
			isa = PBXVariantGroup;
			children = (
				4C0F8BE624A3698A00B990DF /* Base */,
			);
			name = LaunchScreen.storyboard;
			sourceTree = "<group>";
		};
/* End PBXVariantGroup section */

/* Begin XCBuildConfiguration section */
		4C0F8BFF24A3698A00B990DF /* Debug */ = {
			isa = XCBuildConfiguration;
			buildSettings = {
				ALWAYS_SEARCH_USER_PATHS = NO;
				CLANG_ANALYZER_NONNULL = YES;
				CLANG_ANALYZER_NUMBER_OBJECT_CONVERSION = YES_AGGRESSIVE;
				CLANG_CXX_LANGUAGE_STANDARD = "gnu++14";
				CLANG_CXX_LIBRARY = "libc++";
				CLANG_ENABLE_MODULES = YES;
				CLANG_ENABLE_OBJC_ARC = YES;
				CLANG_ENABLE_OBJC_WEAK = YES;
				CLANG_WARN_BLOCK_CAPTURE_AUTORELEASING = YES;
				CLANG_WARN_BOOL_CONVERSION = YES;
				CLANG_WARN_COMMA = YES;
				CLANG_WARN_CONSTANT_CONVERSION = YES;
				CLANG_WARN_DEPRECATED_OBJC_IMPLEMENTATIONS = YES;
				CLANG_WARN_DIRECT_OBJC_ISA_USAGE = YES_ERROR;
				CLANG_WARN_DOCUMENTATION_COMMENTS = YES;
				CLANG_WARN_EMPTY_BODY = YES;
				CLANG_WARN_ENUM_CONVERSION = YES;
				CLANG_WARN_INFINITE_RECURSION = YES;
				CLANG_WARN_INT_CONVERSION = YES;
				CLANG_WARN_NON_LITERAL_NULL_CONVERSION = YES;
				CLANG_WARN_OBJC_IMPLICIT_RETAIN_SELF = YES;
				CLANG_WARN_OBJC_LITERAL_CONVERSION = YES;
				CLANG_WARN_OBJC_ROOT_CLASS = YES_ERROR;
				CLANG_WARN_QUOTED_INCLUDE_IN_FRAMEWORK_HEADER = YES;
				CLANG_WARN_RANGE_LOOP_ANALYSIS = YES;
				CLANG_WARN_STRICT_PROTOTYPES = YES;
				CLANG_WARN_SUSPICIOUS_MOVE = YES;
				CLANG_WARN_UNGUARDED_AVAILABILITY = YES_AGGRESSIVE;
				CLANG_WARN_UNREACHABLE_CODE = YES;
				CLANG_WARN__DUPLICATE_METHOD_MATCH = YES;
				COPY_PHASE_STRIP = NO;
				DEBUG_INFORMATION_FORMAT = dwarf;
				ENABLE_STRICT_OBJC_MSGSEND = YES;
				ENABLE_TESTABILITY = YES;
				GCC_C_LANGUAGE_STANDARD = gnu11;
				GCC_DYNAMIC_NO_PIC = NO;
				GCC_NO_COMMON_BLOCKS = YES;
				GCC_OPTIMIZATION_LEVEL = 0;
				GCC_PREPROCESSOR_DEFINITIONS = (
					"DEBUG=1",
					"$(inherited)",
				);
				GCC_WARN_64_TO_32_BIT_CONVERSION = YES;
				GCC_WARN_ABOUT_RETURN_TYPE = YES_ERROR;
				GCC_WARN_UNDECLARED_SELECTOR = YES;
				GCC_WARN_UNINITIALIZED_AUTOS = YES_AGGRESSIVE;
				GCC_WARN_UNUSED_FUNCTION = YES;
				GCC_WARN_UNUSED_VARIABLE = YES;
				IPHONEOS_DEPLOYMENT_TARGET = 14.0;
				MTL_ENABLE_DEBUG_INFO = INCLUDE_SOURCE;
				MTL_FAST_MATH = YES;
				ONLY_ACTIVE_ARCH = YES;
				SDKROOT = iphoneos;
				SWIFT_ACTIVE_COMPILATION_CONDITIONS = DEBUG;
				SWIFT_OPTIMIZATION_LEVEL = "-Onone";
			};
			name = Debug;
		};
		4C0F8C0024A3698A00B990DF /* Release */ = {
			isa = XCBuildConfiguration;
			buildSettings = {
				ALWAYS_SEARCH_USER_PATHS = NO;
				CLANG_ANALYZER_NONNULL = YES;
				CLANG_ANALYZER_NUMBER_OBJECT_CONVERSION = YES_AGGRESSIVE;
				CLANG_CXX_LANGUAGE_STANDARD = "gnu++14";
				CLANG_CXX_LIBRARY = "libc++";
				CLANG_ENABLE_MODULES = YES;
				CLANG_ENABLE_OBJC_ARC = YES;
				CLANG_ENABLE_OBJC_WEAK = YES;
				CLANG_WARN_BLOCK_CAPTURE_AUTORELEASING = YES;
				CLANG_WARN_BOOL_CONVERSION = YES;
				CLANG_WARN_COMMA = YES;
				CLANG_WARN_CONSTANT_CONVERSION = YES;
				CLANG_WARN_DEPRECATED_OBJC_IMPLEMENTATIONS = YES;
				CLANG_WARN_DIRECT_OBJC_ISA_USAGE = YES_ERROR;
				CLANG_WARN_DOCUMENTATION_COMMENTS = YES;
				CLANG_WARN_EMPTY_BODY = YES;
				CLANG_WARN_ENUM_CONVERSION = YES;
				CLANG_WARN_INFINITE_RECURSION = YES;
				CLANG_WARN_INT_CONVERSION = YES;
				CLANG_WARN_NON_LITERAL_NULL_CONVERSION = YES;
				CLANG_WARN_OBJC_IMPLICIT_RETAIN_SELF = YES;
				CLANG_WARN_OBJC_LITERAL_CONVERSION = YES;
				CLANG_WARN_OBJC_ROOT_CLASS = YES_ERROR;
				CLANG_WARN_QUOTED_INCLUDE_IN_FRAMEWORK_HEADER = YES;
				CLANG_WARN_RANGE_LOOP_ANALYSIS = YES;
				CLANG_WARN_STRICT_PROTOTYPES = YES;
				CLANG_WARN_SUSPICIOUS_MOVE = YES;
				CLANG_WARN_UNGUARDED_AVAILABILITY = YES_AGGRESSIVE;
				CLANG_WARN_UNREACHABLE_CODE = YES;
				CLANG_WARN__DUPLICATE_METHOD_MATCH = YES;
				COPY_PHASE_STRIP = NO;
				DEBUG_INFORMATION_FORMAT = "dwarf-with-dsym";
				ENABLE_NS_ASSERTIONS = NO;
				ENABLE_STRICT_OBJC_MSGSEND = YES;
				GCC_C_LANGUAGE_STANDARD = gnu11;
				GCC_NO_COMMON_BLOCKS = YES;
				GCC_WARN_64_TO_32_BIT_CONVERSION = YES;
				GCC_WARN_ABOUT_RETURN_TYPE = YES_ERROR;
				GCC_WARN_UNDECLARED_SELECTOR = YES;
				GCC_WARN_UNINITIALIZED_AUTOS = YES_AGGRESSIVE;
				GCC_WARN_UNUSED_FUNCTION = YES;
				GCC_WARN_UNUSED_VARIABLE = YES;
				IPHONEOS_DEPLOYMENT_TARGET = 14.0;
				MTL_ENABLE_DEBUG_INFO = NO;
				MTL_FAST_MATH = YES;
				SDKROOT = iphoneos;
				SWIFT_COMPILATION_MODE = wholemodule;
				SWIFT_OPTIMIZATION_LEVEL = "-O";
				VALIDATE_PRODUCT = YES;
			};
			name = Release;
		};
		4C0F8C0224A3698A00B990DF /* Debug */ = {
			isa = XCBuildConfiguration;
			baseConfigurationReference = DB57CC093F13798C718BF5B2 /* Pods-photobeam.debug.xcconfig */;
			buildSettings = {
				ALWAYS_EMBED_SWIFT_STANDARD_LIBRARIES = YES;
				ASSETCATALOG_COMPILER_APPICON_NAME = AppIcon;
				ASSETCATALOG_COMPILER_GLOBAL_ACCENT_COLOR_NAME = AccentColor;
				CODE_SIGN_ENTITLEMENTS = photobeam/photobeam.entitlements;
				CODE_SIGN_STYLE = Automatic;
				DEVELOPMENT_ASSET_PATHS = "\"photobeam/Preview Content\"";
				DEVELOPMENT_TEAM = QB7XH3QZBY;
				ENABLE_PREVIEWS = YES;
				INFOPLIST_FILE = photobeam/Info.plist;
				LD_RUNPATH_SEARCH_PATHS = (
					"$(inherited)",
					"@executable_path/Frameworks",
				);
				PRODUCT_BUNDLE_IDENTIFIER = com.elsdoerfer.photobeam;
				PRODUCT_NAME = "$(TARGET_NAME)";
				SWIFT_VERSION = 5.0;
				TARGETED_DEVICE_FAMILY = "1,2";
			};
			name = Debug;
		};
		4C0F8C0324A3698A00B990DF /* Release */ = {
			isa = XCBuildConfiguration;
			baseConfigurationReference = 77CBB19153879AD5B69F861A /* Pods-photobeam.release.xcconfig */;
			buildSettings = {
				ALWAYS_EMBED_SWIFT_STANDARD_LIBRARIES = YES;
				ASSETCATALOG_COMPILER_APPICON_NAME = AppIcon;
				ASSETCATALOG_COMPILER_GLOBAL_ACCENT_COLOR_NAME = AccentColor;
				CODE_SIGN_ENTITLEMENTS = photobeam/photobeam.entitlements;
				CODE_SIGN_STYLE = Automatic;
				DEVELOPMENT_ASSET_PATHS = "\"photobeam/Preview Content\"";
				DEVELOPMENT_TEAM = QB7XH3QZBY;
				ENABLE_PREVIEWS = YES;
				INFOPLIST_FILE = photobeam/Info.plist;
				LD_RUNPATH_SEARCH_PATHS = (
					"$(inherited)",
					"@executable_path/Frameworks",
				);
				PRODUCT_BUNDLE_IDENTIFIER = com.elsdoerfer.photobeam;
				PRODUCT_NAME = "$(TARGET_NAME)";
				SWIFT_VERSION = 5.0;
				TARGETED_DEVICE_FAMILY = "1,2";
			};
			name = Release;
		};
		4C0F8C0524A3698A00B990DF /* Debug */ = {
			isa = XCBuildConfiguration;
			buildSettings = {
				ALWAYS_EMBED_SWIFT_STANDARD_LIBRARIES = YES;
				BUNDLE_LOADER = "$(TEST_HOST)";
				CODE_SIGN_STYLE = Automatic;
				DEVELOPMENT_TEAM = QB7XH3QZBY;
				INFOPLIST_FILE = photobeamTests/Info.plist;
				IPHONEOS_DEPLOYMENT_TARGET = 14.0;
				LD_RUNPATH_SEARCH_PATHS = (
					"$(inherited)",
					"@executable_path/Frameworks",
					"@loader_path/Frameworks",
				);
				PRODUCT_BUNDLE_IDENTIFIER = com.elsdoerfer.photobeamTests;
				PRODUCT_NAME = "$(TARGET_NAME)";
				SWIFT_VERSION = 5.0;
				TARGETED_DEVICE_FAMILY = "1,2";
				TEST_HOST = "$(BUILT_PRODUCTS_DIR)/photobeam.app/photobeam";
			};
			name = Debug;
		};
		4C0F8C0624A3698A00B990DF /* Release */ = {
			isa = XCBuildConfiguration;
			buildSettings = {
				ALWAYS_EMBED_SWIFT_STANDARD_LIBRARIES = YES;
				BUNDLE_LOADER = "$(TEST_HOST)";
				CODE_SIGN_STYLE = Automatic;
				DEVELOPMENT_TEAM = QB7XH3QZBY;
				INFOPLIST_FILE = photobeamTests/Info.plist;
				IPHONEOS_DEPLOYMENT_TARGET = 14.0;
				LD_RUNPATH_SEARCH_PATHS = (
					"$(inherited)",
					"@executable_path/Frameworks",
					"@loader_path/Frameworks",
				);
				PRODUCT_BUNDLE_IDENTIFIER = com.elsdoerfer.photobeamTests;
				PRODUCT_NAME = "$(TARGET_NAME)";
				SWIFT_VERSION = 5.0;
				TARGETED_DEVICE_FAMILY = "1,2";
				TEST_HOST = "$(BUILT_PRODUCTS_DIR)/photobeam.app/photobeam";
			};
			name = Release;
		};
		4C0F8C0824A3698A00B990DF /* Debug */ = {
			isa = XCBuildConfiguration;
			buildSettings = {
				ALWAYS_EMBED_SWIFT_STANDARD_LIBRARIES = YES;
				CODE_SIGN_STYLE = Automatic;
				DEVELOPMENT_TEAM = QB7XH3QZBY;
				INFOPLIST_FILE = photobeamUITests/Info.plist;
				LD_RUNPATH_SEARCH_PATHS = (
					"$(inherited)",
					"@executable_path/Frameworks",
					"@loader_path/Frameworks",
				);
				PRODUCT_BUNDLE_IDENTIFIER = com.elsdoerfer.photobeamUITests;
				PRODUCT_NAME = "$(TARGET_NAME)";
				SWIFT_VERSION = 5.0;
				TARGETED_DEVICE_FAMILY = "1,2";
				TEST_TARGET_NAME = photobeam;
			};
			name = Debug;
		};
		4C0F8C0924A3698A00B990DF /* Release */ = {
			isa = XCBuildConfiguration;
			buildSettings = {
				ALWAYS_EMBED_SWIFT_STANDARD_LIBRARIES = YES;
				CODE_SIGN_STYLE = Automatic;
				DEVELOPMENT_TEAM = QB7XH3QZBY;
				INFOPLIST_FILE = photobeamUITests/Info.plist;
				LD_RUNPATH_SEARCH_PATHS = (
					"$(inherited)",
					"@executable_path/Frameworks",
					"@loader_path/Frameworks",
				);
				PRODUCT_BUNDLE_IDENTIFIER = com.elsdoerfer.photobeamUITests;
				PRODUCT_NAME = "$(TARGET_NAME)";
				SWIFT_VERSION = 5.0;
				TARGETED_DEVICE_FAMILY = "1,2";
				TEST_TARGET_NAME = photobeam;
			};
			name = Release;
		};
		4C0F8C1E24A369A600B990DF /* Debug */ = {
			isa = XCBuildConfiguration;
			buildSettings = {
				ASSETCATALOG_COMPILER_GLOBAL_ACCENT_COLOR_NAME = AccentColor;
				ASSETCATALOG_COMPILER_WIDGET_BACKGROUND_COLOR_NAME = WidgetBackground;
				CODE_SIGN_ENTITLEMENTS = BeamWidgetExtension.entitlements;
				CODE_SIGN_STYLE = Automatic;
				DEVELOPMENT_TEAM = QB7XH3QZBY;
				INFOPLIST_FILE = BeamWidget/Info.plist;
				LD_RUNPATH_SEARCH_PATHS = (
					"$(inherited)",
					"@executable_path/Frameworks",
					"@executable_path/../../Frameworks",
				);
				PRODUCT_BUNDLE_IDENTIFIER = com.elsdoerfer.photobeam.BeamWidget;
				PRODUCT_NAME = "$(TARGET_NAME)";
				SKIP_INSTALL = YES;
				SWIFT_VERSION = 5.0;
				TARGETED_DEVICE_FAMILY = "1,2";
			};
			name = Debug;
		};
		4C0F8C1F24A369A600B990DF /* Release */ = {
			isa = XCBuildConfiguration;
			buildSettings = {
				ASSETCATALOG_COMPILER_GLOBAL_ACCENT_COLOR_NAME = AccentColor;
				ASSETCATALOG_COMPILER_WIDGET_BACKGROUND_COLOR_NAME = WidgetBackground;
				CODE_SIGN_ENTITLEMENTS = BeamWidgetExtension.entitlements;
				CODE_SIGN_STYLE = Automatic;
				DEVELOPMENT_TEAM = QB7XH3QZBY;
				INFOPLIST_FILE = BeamWidget/Info.plist;
				LD_RUNPATH_SEARCH_PATHS = (
					"$(inherited)",
					"@executable_path/Frameworks",
					"@executable_path/../../Frameworks",
				);
				PRODUCT_BUNDLE_IDENTIFIER = com.elsdoerfer.photobeam.BeamWidget;
				PRODUCT_NAME = "$(TARGET_NAME)";
				SKIP_INSTALL = YES;
				SWIFT_VERSION = 5.0;
				TARGETED_DEVICE_FAMILY = "1,2";
			};
			name = Release;
		};
/* End XCBuildConfiguration section */

/* Begin XCConfigurationList section */
		4C0F8BD224A3698900B990DF /* Build configuration list for PBXProject "photobeam" */ = {
			isa = XCConfigurationList;
			buildConfigurations = (
				4C0F8BFF24A3698A00B990DF /* Debug */,
				4C0F8C0024A3698A00B990DF /* Release */,
			);
			defaultConfigurationIsVisible = 0;
			defaultConfigurationName = Release;
		};
		4C0F8C0124A3698A00B990DF /* Build configuration list for PBXNativeTarget "photobeam" */ = {
			isa = XCConfigurationList;
			buildConfigurations = (
				4C0F8C0224A3698A00B990DF /* Debug */,
				4C0F8C0324A3698A00B990DF /* Release */,
			);
			defaultConfigurationIsVisible = 0;
			defaultConfigurationName = Release;
		};
		4C0F8C0424A3698A00B990DF /* Build configuration list for PBXNativeTarget "photobeamTests" */ = {
			isa = XCConfigurationList;
			buildConfigurations = (
				4C0F8C0524A3698A00B990DF /* Debug */,
				4C0F8C0624A3698A00B990DF /* Release */,
			);
			defaultConfigurationIsVisible = 0;
			defaultConfigurationName = Release;
		};
		4C0F8C0724A3698A00B990DF /* Build configuration list for PBXNativeTarget "photobeamUITests" */ = {
			isa = XCConfigurationList;
			buildConfigurations = (
				4C0F8C0824A3698A00B990DF /* Debug */,
				4C0F8C0924A3698A00B990DF /* Release */,
			);
			defaultConfigurationIsVisible = 0;
			defaultConfigurationName = Release;
		};
		4C0F8C1D24A369A600B990DF /* Build configuration list for PBXNativeTarget "BeamWidgetExtension" */ = {
			isa = XCConfigurationList;
			buildConfigurations = (
				4C0F8C1E24A369A600B990DF /* Debug */,
				4C0F8C1F24A369A600B990DF /* Release */,
			);
			defaultConfigurationIsVisible = 0;
			defaultConfigurationName = Release;
		};
/* End XCConfigurationList section */

/* Begin XCRemoteSwiftPackageReference section */
		4C81440E250BCF72009B165D /* XCRemoteSwiftPackageReference "YPImagePicker" */ = {
			isa = XCRemoteSwiftPackageReference;
			repositoryURL = "https://github.com/BeautyExchange/YPImagePicker.git";
			requirement = {
				kind = upToNextMajorVersion;
				minimumVersion = 4.4.0;
			};
		};
		4C814411250D0AFA009B165D /* XCRemoteSwiftPackageReference "lottie-ios" */ = {
			isa = XCRemoteSwiftPackageReference;
			repositoryURL = "https://github.com/airbnb/lottie-ios";
			requirement = {
				kind = upToNextMajorVersion;
				minimumVersion = 3.1.8;
			};
		};
		4CB4161724DB017A0037AD0D /* XCRemoteSwiftPackageReference "Moya" */ = {
			isa = XCRemoteSwiftPackageReference;
			repositoryURL = "https://github.com/Moya/Moya.git";
			requirement = {
				kind = upToNextMajorVersion;
				minimumVersion = 14.0.0;
			};
		};
/* End XCRemoteSwiftPackageReference section */

/* Begin XCSwiftPackageProductDependency section */
		4C81440F250BCF72009B165D /* YPImagePicker */ = {
			isa = XCSwiftPackageProductDependency;
			package = 4C81440E250BCF72009B165D /* XCRemoteSwiftPackageReference "YPImagePicker" */;
			productName = YPImagePicker;
		};
		4C814412250D0AFA009B165D /* Lottie */ = {
			isa = XCSwiftPackageProductDependency;
			package = 4C814411250D0AFA009B165D /* XCRemoteSwiftPackageReference "lottie-ios" */;
			productName = Lottie;
		};
		4CB4161824DB017A0037AD0D /* Moya */ = {
			isa = XCSwiftPackageProductDependency;
			package = 4CB4161724DB017A0037AD0D /* XCRemoteSwiftPackageReference "Moya" */;
			productName = Moya;
		};
/* End XCSwiftPackageProductDependency section */
	};
	rootObject = 4C0F8BCF24A3698900B990DF /* Project object */;
}
